
Microsoft Visual Studio Solution File, Format Version 12.00
# Visual Studio Version 17
VisualStudioVersion = 17.4.33110.190
MinimumVisualStudioVersion = 10.0.40219.1
Project("{FAE04EC0-301F-11D3-BF4B-00C04F79EFBC}") = "OHCE", "OHCE\OHCE.csproj", "{478284C2-7299-47A6-8422-F083B3D39A2A}"
EndProject
Project("{FAE04EC0-301F-11D3-BF4B-00C04F79EFBC}") = "OHCE.Test", "OHCE.Test\OHCE.Test.csproj", "{C3E05438-C807-4EE4-80E4-3EE4CD533D64}"
EndProject
Project("{FAE04EC0-301F-11D3-BF4B-00C04F79EFBC}") = "OHCE.Console", "OHCE.Console\OHCE.Console.csproj", "{51816961-4FD4-4E2E-AEE8-788E96BFBC4B}"
EndProject
Global
	GlobalSection(SolutionConfigurationPlatforms) = preSolution
		Debug|Any CPU = Debug|Any CPU
		Release|Any CPU = Release|Any CPU
	EndGlobalSection
	GlobalSection(ProjectConfigurationPlatforms) = postSolution
		{478284C2-7299-47A6-8422-F083B3D39A2A}.Debug|Any CPU.ActiveCfg = Debug|Any CPU
		{478284C2-7299-47A6-8422-F083B3D39A2A}.Debug|Any CPU.Build.0 = Debug|Any CPU
		{478284C2-7299-47A6-8422-F083B3D39A2A}.Release|Any CPU.ActiveCfg = Release|Any CPU
		{478284C2-7299-47A6-8422-F083B3D39A2A}.Release|Any CPU.Build.0 = Release|Any CPU
		{C3E05438-C807-4EE4-80E4-3EE4CD533D64}.Debug|Any CPU.ActiveCfg = Debug|Any CPU
		{C3E05438-C807-4EE4-80E4-3EE4CD533D64}.Debug|Any CPU.Build.0 = Debug|Any CPU
		{C3E05438-C807-4EE4-80E4-3EE4CD533D64}.Release|Any CPU.ActiveCfg = Release|Any CPU
		{C3E05438-C807-4EE4-80E4-3EE4CD533D64}.Release|Any CPU.Build.0 = Release|Any CPU
		{51816961-4FD4-4E2E-AEE8-788E96BFBC4B}.Debug|Any CPU.ActiveCfg = Debug|Any CPU
		{51816961-4FD4-4E2E-AEE8-788E96BFBC4B}.Debug|Any CPU.Build.0 = Debug|Any CPU
		{51816961-4FD4-4E2E-AEE8-788E96BFBC4B}.Release|Any CPU.ActiveCfg = Release|Any CPU
		{51816961-4FD4-4E2E-AEE8-788E96BFBC4B}.Release|Any CPU.Build.0 = Release|Any CPU
	EndGlobalSection
	GlobalSection(SolutionProperties) = preSolution
		HideSolutionNode = FALSE
	EndGlobalSection
	GlobalSection(ExtensibilityGlobals) = postSolution
		SolutionGuid = {0B53BFEF-6908-4925-B480-F9ACB9DB9DD8}
	EndGlobalSection
EndGlobal
